
Microsoft Visual Studio Solution File, Format Version 12.00
Project("{FAE04EC0-301F-11D3-BF4B-00C04F79EFBC}") = "Service", "Service\Service.csproj", "{E8FBB6F6-6DC2-40D7-88CC-3B6D47E29886}"
EndProject
Global
	GlobalSection(SolutionConfigurationPlatforms) = preSolution
		Debug|Any CPU = Debug|Any CPU
		Release|Any CPU = Release|Any CPU
	EndGlobalSection
	GlobalSection(ProjectConfigurationPlatforms) = postSolution
		{E8FBB6F6-6DC2-40D7-88CC-3B6D47E29886}.Debug|Any CPU.ActiveCfg = Debug|Any CPU
		{E8FBB6F6-6DC2-40D7-88CC-3B6D47E29886}.Debug|Any CPU.Build.0 = Debug|Any CPU
		{E8FBB6F6-6DC2-40D7-88CC-3B6D47E29886}.Release|Any CPU.ActiveCfg = Release|Any CPU
		{E8FBB6F6-6DC2-40D7-88CC-3B6D47E29886}.Release|Any CPU.Build.0 = Release|Any CPU
	EndGlobalSection
EndGlobal
